PODS:
  - Cheetah-iOS (4.2.0):
    - Yams (~> 5.0.6)
  - cheetah_flutter (4.2.0):
    - Cheetah-iOS (~> 4.2.0)
    - Flutter
  - Flutter (1.0.0)
  - flutter_voice_processor (1.1.2):
    - Flutter
    - ios-voice-processor (~> 1.2.0)
  - integration_test (0.0.1):
    - Flutter
  - ios-voice-processor (1.2.0)
  - path_provider_foundation (0.0.1):
    - Flutter
    - FlutterMacOS
  - Yams (5.0.6)

DEPENDENCIES:
  - Cheetah-iOS (from `https://raw.githubusercontent.com/Picovoice/cheetah/v4.2-flutter/binding/ios/Cheetah-iOS.podspec`)
  - cheetah_flutter (from `.symlinks/plugins/cheetah_flutter/ios`)
  - Flutter (from `Flutter`)
  - flutter_voice_processor (from `.symlinks/plugins/flutter_voice_processor/ios`)
  - integration_test (from `.symlinks/plugins/integration_test/ios`)
  - path_provider_foundation (from `.symlinks/plugins/path_provider_foundation/darwin`)

SPEC REPOS:
  trunk:
    - ios-voice-processor
    - Yams

EXTERNAL SOURCES:
  Cheetah-iOS:
    :podspec: https://raw.githubusercontent.com/Picovoice/cheetah/v4.2-flutter/binding/ios/Cheetah-iOS.podspec
  cheetah_flutter:
    :path: ".symlinks/plugins/cheetah_flutter/ios"
  Flutter:
    :path: Flutter
  flutter_voice_processor:
    :path: ".symlinks/plugins/flutter_voice_processor/ios"
  integration_test:
    :path: ".symlinks/plugins/integration_test/ios"
  path_provider_foundation:
    :path: ".symlinks/plugins/path_provider_foundation/darwin"

CHECKOUT OPTIONS:
  Cheetah-iOS:
    :commit: a396fa76843c3802d8f38ec88de75a5c64a6046a
    :git: https://github.com/Picovoice/cheetah.git

SPEC CHECKSUMS:
  Cheetah-iOS: 8f7d25923fdd87ec7acc104e45c8fa0fb5478778
  cheetah_flutter: 4b4047faa62e87f00112b5ed21db9b4166c07a3c
  Flutter: cabc95a1d2626b1b06e7179b784ebcf0c0cde467
  flutter_voice_processor: f60363f959515eaebc35bcaaf26017596c953fc6
  integration_test: 4a889634ef21a45d28d50d622cf412dc6d9f586e
  ios-voice-processor: 6b5ca08962f39e434fe39dca0f483d923a3b1b97
  path_provider_foundation: bb55f6dbba17d0dccd6737fe6f7f34fbd0376880
  Yams: e10dae147f517ed57ecae37c5e8681bdf8fcab65

PODFILE CHECKSUM: 51537159bfa29c0dd3c9ad6f09f11b01e8e91728

COCOAPODS: 1.16.2
