PODS:
  - Cheetah-iOS (2.0.0)
  - ios-voice-processor (1.1.0)

DEPENDENCIES:
  - Cheetah-iOS (~> 2.0.0)
  - ios-voice-processor (~> 1.1.0)

SPEC REPOS:
  trunk:
    - Cheetah-iOS
    - ios-voice-processor

SPEC CHECKSUMS:
  Cheetah-iOS: d98a5edcbf3b74dda6027aeac6a8c0f5997a47a2
  ios-voice-processor: 8e32d7f980a06d392d128ef1cd19cf6ddcaca3c1

PODFILE CHECKSUM: 26feb763b95a821d785ddd8a03bd5182cd65fdd2

COCOAPODS: 1.11.3
