PODS:
  - Cheetah-iOS (1.1.0)
  - ios-voice-processor (1.0.3)

DEPENDENCIES:
  - Cheetah-iOS (from `https://raw.githubusercontent.com/Picovoice/cheetah/v1.1-ios/binding/ios/Cheetah-iOS.podspec`)
  - ios-voice-processor (~> 1.0.2)

SPEC REPOS:
  trunk:
    - ios-voice-processor

EXTERNAL SOURCES:
  Cheetah-iOS:
    :podspec: https://raw.githubusercontent.com/Picovoice/cheetah/v1.1-ios/binding/ios/Cheetah-iOS.podspec

SPEC CHECKSUMS:
  Cheetah-iOS: 6fb7be693878f5b1dec0ea5b6534fbba30954afc
  ios-voice-processor: 65b25a8db69ea25ffba0eeef37bae71a982f34cc

PODFILE CHECKSUM: 89256c1e6b54d2b1901871f5e5dab425b7ed1970

COCOAPODS: 1.11.2
