// !$*UTF8*$!
{
	archiveVersion = 1;
	classes = {
	};
	objectVersion = 60;
	objects = {

/* Begin PBXBuildFile section */
		072F6D492D02533000E29DF3 /* test_resources in Resources */ = {isa = PBXBuildFile; fileRef = 072F6D482D02533000E29DF3 /* test_resources */; };
		1E00655827CFF7EB006FF6E9 /* AppDelegate.swift in Sources */ = {isa = PBXBuildFile; fileRef = 1E00655727CFF7EB006FF6E9 /* AppDelegate.swift */; };
		1E00655C27CFF7EB006FF6E9 /* ViewController.swift in Sources */ = {isa = PBXBuildFile; fileRef = 1E00655B27CFF7EB006FF6E9 /* ViewController.swift */; };
		1E00655F27CFF7EB006FF6E9 /* Main.storyboard in Resources */ = {isa = PBXBuildFile; fileRef = 1E00655D27CFF7EB006FF6E9 /* Main.storyboard */; };
		1E00656127CFF7EC006FF6E9 /* Assets.xcassets in Resources */ = {isa = PBXBuildFile; fileRef = 1E00656027CFF7EC006FF6E9 /* Assets.xcassets */; };
		1E00656427CFF7EC006FF6E9 /* LaunchScreen.storyboard in Resources */ = {isa = PBXBuildFile; fileRef = 1E00656227CFF7EC006FF6E9 /* LaunchScreen.storyboard */; };
		1E00657927CFF7EC006FF6E9 /* CheetahAppTestUITests.swift in Sources */ = {isa = PBXBuildFile; fileRef = 1E00657827CFF7EC006FF6E9 /* CheetahAppTestUITests.swift */; };
		1E5B7B332800F75900F8BDDB /* PerformanceTest.swift in Sources */ = {isa = PBXBuildFile; fileRef = 1E5B7B322800F75900F8BDDB /* PerformanceTest.swift */; };
		1E5B7B362800F77300F8BDDB /* test.wav in Resources */ = {isa = PBXBuildFile; fileRef = 1E5B7B352800F77300F8BDDB /* test.wav */; };
		1E5B7B382800F7AA00F8BDDB /* cheetah_params.pv in Resources */ = {isa = PBXBuildFile; fileRef = 1E5B7B372800F7AA00F8BDDB /* cheetah_params.pv */; };
		D23A4B5C0E110877F4A85325 /* (null) in Frameworks */ = {isa = PBXBuildFile; };
		E1E0C8012CF120B0001D6D84 /* Cheetah in Frameworks */ = {isa = PBXBuildFile; productRef = E1E0C8002CF120B0001D6D84 /* Cheetah */; };
		E1E0C8032CF120B7001D6D84 /* Cheetah in Frameworks */ = {isa = PBXBuildFile; productRef = E1E0C8022CF120B7001D6D84 /* Cheetah */; };
		E1E0C8052CF120BE001D6D84 /* Cheetah in Frameworks */ = {isa = PBXBuildFile; productRef = E1E0C8042CF120BE001D6D84 /* Cheetah */; };
/* End PBXBuildFile section */

/* Begin PBXContainerItemProxy section */
		1E00657527CFF7EC006FF6E9 /* PBXContainerItemProxy */ = {
			isa = PBXContainerItemProxy;
			containerPortal = 1E00654C27CFF7EB006FF6E9 /* Project object */;
			proxyType = 1;
			remoteGlobalIDString = 1E00655327CFF7EB006FF6E9;
			remoteInfo = CheetahAppTest;
		};
		1E5B7B232800F6FE00F8BDDB /* PBXContainerItemProxy */ = {
			isa = PBXContainerItemProxy;
			containerPortal = 1E00654C27CFF7EB006FF6E9 /* Project object */;
			proxyType = 1;
			remoteGlobalIDString = 1E00655327CFF7EB006FF6E9;
			remoteInfo = CheetahAppTest;
		};
/* End PBXContainerItemProxy section */

/* Begin PBXFileReference section */
		072F6D482D02533000E29DF3 /* test_resources */ = {isa = PBXFileReference; lastKnownFileType = folder; name = test_resources; path = CheetahAppTestUITests/test_resources; sourceTree = "<group>"; };
		07E777C32D02632A005A41E7 /* test.wav */ = {isa = PBXFileReference; lastKnownFileType = audio.wav; path = test.wav; sourceTree = "<group>"; };
		07E777C42D02632A005A41E7 /* test_de.wav */ = {isa = PBXFileReference; lastKnownFileType = audio.wav; path = test_de.wav; sourceTree = "<group>"; };
		07E777C52D02632A005A41E7 /* test_es.wav */ = {isa = PBXFileReference; lastKnownFileType = audio.wav; path = test_es.wav; sourceTree = "<group>"; };
		07E777C62D02632A005A41E7 /* test_fr.wav */ = {isa = PBXFileReference; lastKnownFileType = audio.wav; path = test_fr.wav; sourceTree = "<group>"; };
		07E777C72D02632A005A41E7 /* test_it.wav */ = {isa = PBXFileReference; lastKnownFileType = audio.wav; path = test_it.wav; sourceTree = "<group>"; };
		07E777C82D02632A005A41E7 /* test_pt.wav */ = {isa = PBXFileReference; lastKnownFileType = audio.wav; path = test_pt.wav; sourceTree = "<group>"; };
		07E777CA2D02632A005A41E7 /* cheetah_params.pv */ = {isa = PBXFileReference; lastKnownFileType = file; path = cheetah_params.pv; sourceTree = "<group>"; };
		07E777CB2D02632A005A41E7 /* cheetah_params_de.pv */ = {isa = PBXFileReference; lastKnownFileType = file; path = cheetah_params_de.pv; sourceTree = "<group>"; };
		07E777CC2D02632A005A41E7 /* cheetah_params_es.pv */ = {isa = PBXFileReference; lastKnownFileType = file; path = cheetah_params_es.pv; sourceTree = "<group>"; };
		07E777CD2D02632A005A41E7 /* cheetah_params_fr.pv */ = {isa = PBXFileReference; lastKnownFileType = file; path = cheetah_params_fr.pv; sourceTree = "<group>"; };
		07E777CE2D02632A005A41E7 /* cheetah_params_it.pv */ = {isa = PBXFileReference; lastKnownFileType = file; path = cheetah_params_it.pv; sourceTree = "<group>"; };
		07E777CF2D02632A005A41E7 /* cheetah_params_pt.pv */ = {isa = PBXFileReference; lastKnownFileType = file; path = cheetah_params_pt.pv; sourceTree = "<group>"; };
		07E777D12D02632A005A41E7 /* .gitkeep */ = {isa = PBXFileReference; lastKnownFileType = text; path = .gitkeep; sourceTree = "<group>"; };
		07E777D22D02632A005A41E7 /* test_data.json */ = {isa = PBXFileReference; lastKnownFileType = text.json; path = test_data.json; sourceTree = "<group>"; };
		1E00655427CFF7EB006FF6E9 /* CheetahAppTest.app */ = {isa = PBXFileReference; explicitFileType = wrapper.application; includeInIndex = 0; path = CheetahAppTest.app; sourceTree = BUILT_PRODUCTS_DIR; };
		1E00655727CFF7EB006FF6E9 /* AppDelegate.swift */ = {isa = PBXFileReference; lastKnownFileType = sourcecode.swift; path = AppDelegate.swift; sourceTree = "<group>"; };
		1E00655B27CFF7EB006FF6E9 /* ViewController.swift */ = {isa = PBXFileReference; lastKnownFileType = sourcecode.swift; path = ViewController.swift; sourceTree = "<group>"; };
		1E00655E27CFF7EB006FF6E9 /* Base */ = {isa = PBXFileReference; lastKnownFileType = file.storyboard; name = Base; path = Base.lproj/Main.storyboard; sourceTree = "<group>"; };
		1E00656027CFF7EC006FF6E9 /* Assets.xcassets */ = {isa = PBXFileReference; lastKnownFileType = folder.assetcatalog; path = Assets.xcassets; sourceTree = "<group>"; };
		1E00656327CFF7EC006FF6E9 /* Base */ = {isa = PBXFileReference; lastKnownFileType = file.storyboard; name = Base; path = Base.lproj/LaunchScreen.storyboard; sourceTree = "<group>"; };
		1E00656527CFF7EC006FF6E9 /* Info.plist */ = {isa = PBXFileReference; lastKnownFileType = text.plist.xml; path = Info.plist; sourceTree = "<group>"; };
		1E00657427CFF7EC006FF6E9 /* CheetahAppTestUITests.xctest */ = {isa = PBXFileReference; explicitFileType = wrapper.cfbundle; includeInIndex = 0; path = CheetahAppTestUITests.xctest; sourceTree = BUILT_PRODUCTS_DIR; };
		1E00657827CFF7EC006FF6E9 /* CheetahAppTestUITests.swift */ = {isa = PBXFileReference; lastKnownFileType = sourcecode.swift; path = CheetahAppTestUITests.swift; sourceTree = "<group>"; };
		1E00658827CFFA3C006FF6E9 /* Info.plist */ = {isa = PBXFileReference; lastKnownFileType = text.plist.xml; path = Info.plist; sourceTree = "<group>"; };
		1E5B7B302800F6FE00F8BDDB /* PerformanceTest.xctest */ = {isa = PBXFileReference; explicitFileType = wrapper.cfbundle; includeInIndex = 0; path = PerformanceTest.xctest; sourceTree = BUILT_PRODUCTS_DIR; };
		1E5B7B322800F75900F8BDDB /* PerformanceTest.swift */ = {isa = PBXFileReference; lastKnownFileType = sourcecode.swift; path = PerformanceTest.swift; sourceTree = "<group>"; };
		1E5B7B342800F76700F8BDDB /* Info.plist */ = {isa = PBXFileReference; lastKnownFileType = text.plist.xml; path = Info.plist; sourceTree = "<group>"; };
		1E5B7B352800F77300F8BDDB /* test.wav */ = {isa = PBXFileReference; lastKnownFileType = audio.wav; name = test.wav; path = ../../../../resources/audio_samples/test.wav; sourceTree = "<group>"; };
		1E5B7B372800F7AA00F8BDDB /* cheetah_params.pv */ = {isa = PBXFileReference; lastKnownFileType = file; name = cheetah_params.pv; path = ../../../../lib/common/cheetah_params.pv; sourceTree = "<group>"; };
/* End PBXFileReference section */

/* Begin PBXFrameworksBuildPhase section */
		1E00655127CFF7EB006FF6E9 /* Frameworks */ = {
			isa = PBXFrameworksBuildPhase;
			buildActionMask = 2147483647;
			files = (
				E1E0C8012CF120B0001D6D84 /* Cheetah in Frameworks */,
			);
			runOnlyForDeploymentPostprocessing = 0;
		};
		1E00657127CFF7EC006FF6E9 /* Frameworks */ = {
			isa = PBXFrameworksBuildPhase;
			buildActionMask = 2147483647;
			files = (
				D23A4B5C0E110877F4A85325 /* (null) in Frameworks */,
				E1E0C8032CF120B7001D6D84 /* Cheetah in Frameworks */,
			);
			runOnlyForDeploymentPostprocessing = 0;
		};
		1E5B7B272800F6FE00F8BDDB /* Frameworks */ = {
			isa = PBXFrameworksBuildPhase;
			buildActionMask = 2147483647;
			files = (
				E1E0C8052CF120BE001D6D84 /* Cheetah in Frameworks */,
			);
			runOnlyForDeploymentPostprocessing = 0;
		};
/* End PBXFrameworksBuildPhase section */

/* Begin PBXGroup section */
		07E777C92D02632A005A41E7 /* audio_samples */ = {
			isa = PBXGroup;
			children = (
				07E777C32D02632A005A41E7 /* test.wav */,
				07E777C42D02632A005A41E7 /* test_de.wav */,
				07E777C52D02632A005A41E7 /* test_es.wav */,
				07E777C62D02632A005A41E7 /* test_fr.wav */,
				07E777C72D02632A005A41E7 /* test_it.wav */,
				07E777C82D02632A005A41E7 /* test_pt.wav */,
			);
			path = audio_samples;
			sourceTree = "<group>";
		};
		07E777D02D02632A005A41E7 /* model_files */ = {
			isa = PBXGroup;
			children = (
				07E777CA2D02632A005A41E7 /* cheetah_params.pv */,
				07E777CB2D02632A005A41E7 /* cheetah_params_de.pv */,
				07E777CC2D02632A005A41E7 /* cheetah_params_es.pv */,
				07E777CD2D02632A005A41E7 /* cheetah_params_fr.pv */,
				07E777CE2D02632A005A41E7 /* cheetah_params_it.pv */,
				07E777CF2D02632A005A41E7 /* cheetah_params_pt.pv */,
			);
			path = model_files;
			sourceTree = "<group>";
		};
		07E777D32D02632A005A41E7 /* test_resources */ = {
			isa = PBXGroup;
			children = (
				07E777C92D02632A005A41E7 /* audio_samples */,
				07E777D02D02632A005A41E7 /* model_files */,
				07E777D12D02632A005A41E7 /* .gitkeep */,
				07E777D22D02632A005A41E7 /* test_data.json */,
			);
			path = test_resources;
			sourceTree = "<group>";
		};
		1E00654B27CFF7EB006FF6E9 = {
			isa = PBXGroup;
			children = (
				072F6D482D02533000E29DF3 /* test_resources */,
				1E5B7B312800F71E00F8BDDB /* PerformanceTest */,
				1E00655627CFF7EB006FF6E9 /* CheetahAppTest */,
				1E00657727CFF7EC006FF6E9 /* CheetahAppTestUITests */,
				E1E0C7FF2CF120B0001D6D84 /* Frameworks */,
				1E00655527CFF7EB006FF6E9 /* Products */,
			);
			sourceTree = "<group>";
		};
		1E00655527CFF7EB006FF6E9 /* Products */ = {
			isa = PBXGroup;
			children = (
				1E00655427CFF7EB006FF6E9 /* CheetahAppTest.app */,
				1E00657427CFF7EC006FF6E9 /* CheetahAppTestUITests.xctest */,
				1E5B7B302800F6FE00F8BDDB /* PerformanceTest.xctest */,
			);
			name = Products;
			sourceTree = "<group>";
		};
		1E00655627CFF7EB006FF6E9 /* CheetahAppTest */ = {
			isa = PBXGroup;
			children = (
				1E00655727CFF7EB006FF6E9 /* AppDelegate.swift */,
				1E00655B27CFF7EB006FF6E9 /* ViewController.swift */,
				1E00655D27CFF7EB006FF6E9 /* Main.storyboard */,
				1E00656027CFF7EC006FF6E9 /* Assets.xcassets */,
				1E00656227CFF7EC006FF6E9 /* LaunchScreen.storyboard */,
				1E00656527CFF7EC006FF6E9 /* Info.plist */,
			);
			path = CheetahAppTest;
			sourceTree = "<group>";
		};
		1E00657727CFF7EC006FF6E9 /* CheetahAppTestUITests */ = {
			isa = PBXGroup;
			children = (
				07E777D32D02632A005A41E7 /* test_resources */,
				1E00657827CFF7EC006FF6E9 /* CheetahAppTestUITests.swift */,
				1E00658827CFFA3C006FF6E9 /* Info.plist */,
			);
			path = CheetahAppTestUITests;
			sourceTree = "<group>";
		};
		1E5B7B312800F71E00F8BDDB /* PerformanceTest */ = {
			isa = PBXGroup;
			children = (
				1E5B7B322800F75900F8BDDB /* PerformanceTest.swift */,
				1E5B7B342800F76700F8BDDB /* Info.plist */,
				1E5B7B352800F77300F8BDDB /* test.wav */,
				1E5B7B372800F7AA00F8BDDB /* cheetah_params.pv */,
			);
			path = PerformanceTest;
			sourceTree = "<group>";
		};
		E1E0C7FF2CF120B0001D6D84 /* Frameworks */ = {
			isa = PBXGroup;
			children = (
			);
			name = Frameworks;
			sourceTree = "<group>";
		};
/* End PBXGroup section */

/* Begin PBXNativeTarget section */
		1E00655327CFF7EB006FF6E9 /* CheetahAppTest */ = {
			isa = PBXNativeTarget;
			buildConfigurationList = 1E00657E27CFF7EC006FF6E9 /* Build configuration list for PBXNativeTarget "CheetahAppTest" */;
			buildPhases = (
				1E00655027CFF7EB006FF6E9 /* Sources */,
				1E00655127CFF7EB006FF6E9 /* Frameworks */,
				1E00655227CFF7EB006FF6E9 /* Resources */,
			);
			buildRules = (
			);
			dependencies = (
			);
			name = CheetahAppTest;
			productName = CheetahAppTest;
			productReference = 1E00655427CFF7EB006FF6E9 /* CheetahAppTest.app */;
			productType = "com.apple.product-type.application";
		};
		1E00657327CFF7EC006FF6E9 /* CheetahAppTestUITests */ = {
			isa = PBXNativeTarget;
			buildConfigurationList = 1E00658427CFF7EC006FF6E9 /* Build configuration list for PBXNativeTarget "CheetahAppTestUITests" */;
			buildPhases = (
				1E00657027CFF7EC006FF6E9 /* Sources */,
				1E00657127CFF7EC006FF6E9 /* Frameworks */,
				1E00657227CFF7EC006FF6E9 /* Resources */,
			);
			buildRules = (
			);
			dependencies = (
				1E00657627CFF7EC006FF6E9 /* PBXTargetDependency */,
			);
			name = CheetahAppTestUITests;
			productName = CheetahAppTestUITests;
			productReference = 1E00657427CFF7EC006FF6E9 /* CheetahAppTestUITests.xctest */;
			productType = "com.apple.product-type.bundle.ui-testing";
		};
		1E5B7B212800F6FE00F8BDDB /* PerformanceTest */ = {
			isa = PBXNativeTarget;
			buildConfigurationList = 1E5B7B2D2800F6FE00F8BDDB /* Build configuration list for PBXNativeTarget "PerformanceTest" */;
			buildPhases = (
				1E5B7B252800F6FE00F8BDDB /* Sources */,
				1E5B7B272800F6FE00F8BDDB /* Frameworks */,
				1E5B7B292800F6FE00F8BDDB /* Resources */,
			);
			buildRules = (
			);
			dependencies = (
				1E5B7B222800F6FE00F8BDDB /* PBXTargetDependency */,
			);
			name = PerformanceTest;
			productName = CheetahAppTestUITests;
			productReference = 1E5B7B302800F6FE00F8BDDB /* PerformanceTest.xctest */;
			productType = "com.apple.product-type.bundle.ui-testing";
		};
/* End PBXNativeTarget section */

/* Begin PBXProject section */
		1E00654C27CFF7EB006FF6E9 /* Project object */ = {
			isa = PBXProject;
			attributes = {
				BuildIndependentTargetsInParallel = 1;
				LastSwiftUpdateCheck = 1320;
				LastUpgradeCheck = 1320;
				TargetAttributes = {
					1E00655327CFF7EB006FF6E9 = {
						CreatedOnToolsVersion = 13.2.1;
					};
					1E00657327CFF7EC006FF6E9 = {
						CreatedOnToolsVersion = 13.2.1;
						TestTargetID = 1E00655327CFF7EB006FF6E9;
					};
					1E5B7B212800F6FE00F8BDDB = {
						LastSwiftMigration = 1320;
						TestTargetID = 1E00655327CFF7EB006FF6E9;
					};
				};
			};
			buildConfigurationList = 1E00654F27CFF7EB006FF6E9 /* Build configuration list for PBXProject "CheetahAppTest" */;
			compatibilityVersion = "Xcode 13.0";
			developmentRegion = en;
			hasScannedForEncodings = 0;
			knownRegions = (
				en,
				Base,
			);
			mainGroup = 1E00654B27CFF7EB006FF6E9;
			packageReferences = (
				07BA482F2D01233800A57078 /* XCLocalSwiftPackageReference "../../../../cheetah" */,
			);
			productRefGroup = 1E00655527CFF7EB006FF6E9 /* Products */;
			projectDirPath = "";
			projectRoot = "";
			targets = (
				1E00655327CFF7EB006FF6E9 /* CheetahAppTest */,
				1E00657327CFF7EC006FF6E9 /* CheetahAppTestUITests */,
				1E5B7B212800F6FE00F8BDDB /* PerformanceTest */,
			);
		};
/* End PBXProject section */

/* Begin PBXResourcesBuildPhase section */
		1E00655227CFF7EB006FF6E9 /* Resources */ = {
			isa = PBXResourcesBuildPhase;
			buildActionMask = 2147483647;
			files = (
				1E00656427CFF7EC006FF6E9 /* LaunchScreen.storyboard in Resources */,
				1E00656127CFF7EC006FF6E9 /* Assets.xcassets in Resources */,
				1E00655F27CFF7EB006FF6E9 /* Main.storyboard in Resources */,
			);
			runOnlyForDeploymentPostprocessing = 0;
		};
		1E00657227CFF7EC006FF6E9 /* Resources */ = {
			isa = PBXResourcesBuildPhase;
			buildActionMask = 2147483647;
			files = (
				072F6D492D02533000E29DF3 /* test_resources in Resources */,
			);
			runOnlyForDeploymentPostprocessing = 0;
		};
		1E5B7B292800F6FE00F8BDDB /* Resources */ = {
			isa = PBXResourcesBuildPhase;
			buildActionMask = 2147483647;
			files = (
				1E5B7B382800F7AA00F8BDDB /* cheetah_params.pv in Resources */,
				1E5B7B362800F77300F8BDDB /* test.wav in Resources */,
			);
			runOnlyForDeploymentPostprocessing = 0;
		};
/* End PBXResourcesBuildPhase section */

/* Begin PBXSourcesBuildPhase section */
		1E00655027CFF7EB006FF6E9 /* Sources */ = {
			isa = PBXSourcesBuildPhase;
			buildActionMask = 2147483647;
			files = (
				1E00655C27CFF7EB006FF6E9 /* ViewController.swift in Sources */,
				1E00655827CFF7EB006FF6E9 /* AppDelegate.swift in Sources */,
			);
			runOnlyForDeploymentPostprocessing = 0;
		};
		1E00657027CFF7EC006FF6E9 /* Sources */ = {
			isa = PBXSourcesBuildPhase;
			buildActionMask = 2147483647;
			files = (
				1E00657927CFF7EC006FF6E9 /* CheetahAppTestUITests.swift in Sources */,
			);
			runOnlyForDeploymentPostprocessing = 0;
		};
		1E5B7B252800F6FE00F8BDDB /* Sources */ = {
			isa = PBXSourcesBuildPhase;
			buildActionMask = 2147483647;
			files = (
				1E5B7B332800F75900F8BDDB /* PerformanceTest.swift in Sources */,
			);
			runOnlyForDeploymentPostprocessing = 0;
		};
/* End PBXSourcesBuildPhase section */

/* Begin PBXTargetDependency section */
		1E00657627CFF7EC006FF6E9 /* PBXTargetDependency */ = {
			isa = PBXTargetDependency;
			target = 1E00655327CFF7EB006FF6E9 /* CheetahAppTest */;
			targetProxy = 1E00657527CFF7EC006FF6E9 /* PBXContainerItemProxy */;
		};
		1E5B7B222800F6FE00F8BDDB /* PBXTargetDependency */ = {
			isa = PBXTargetDependency;
			target = 1E00655327CFF7EB006FF6E9 /* CheetahAppTest */;
			targetProxy = 1E5B7B232800F6FE00F8BDDB /* PBXContainerItemProxy */;
		};
/* End PBXTargetDependency section */

/* Begin PBXVariantGroup section */
		1E00655D27CFF7EB006FF6E9 /* Main.storyboard */ = {
			isa = PBXVariantGroup;
			children = (
				1E00655E27CFF7EB006FF6E9 /* Base */,
			);
			name = Main.storyboard;
			sourceTree = "<group>";
		};
		1E00656227CFF7EC006FF6E9 /* LaunchScreen.storyboard */ = {
			isa = PBXVariantGroup;
			children = (
				1E00656327CFF7EC006FF6E9 /* Base */,
			);
			name = LaunchScreen.storyboard;
			sourceTree = "<group>";
		};
/* End PBXVariantGroup section */

/* Begin XCBuildConfiguration section */
		1E00657C27CFF7EC006FF6E9 /* Debug */ = {
			isa = XCBuildConfiguration;
			buildSettings = {
				ALWAYS_SEARCH_USER_PATHS = NO;
				CLANG_ANALYZER_NONNULL = YES;
				CLANG_ANALYZER_NUMBER_OBJECT_CONVERSION = YES_AGGRESSIVE;
				CLANG_CXX_LANGUAGE_STANDARD = "gnu++17";
				CLANG_CXX_LIBRARY = "libc++";
				CLANG_ENABLE_MODULES = YES;
				CLANG_ENABLE_OBJC_ARC = YES;
				CLANG_ENABLE_OBJC_WEAK = YES;
				CLANG_WARN_BLOCK_CAPTURE_AUTORELEASING = YES;
				CLANG_WARN_BOOL_CONVERSION = YES;
				CLANG_WARN_COMMA = YES;
				CLANG_WARN_CONSTANT_CONVERSION = YES;
				CLANG_WARN_DEPRECATED_OBJC_IMPLEMENTATIONS = YES;
				CLANG_WARN_DIRECT_OBJC_ISA_USAGE = YES_ERROR;
				CLANG_WARN_DOCUMENTATION_COMMENTS = YES;
				CLANG_WARN_EMPTY_BODY = YES;
				CLANG_WARN_ENUM_CONVERSION = YES;
				CLANG_WARN_INFINITE_RECURSION = YES;
				CLANG_WARN_INT_CONVERSION = YES;
				CLANG_WARN_NON_LITERAL_NULL_CONVERSION = YES;
				CLANG_WARN_OBJC_IMPLICIT_RETAIN_SELF = YES;
				CLANG_WARN_OBJC_LITERAL_CONVERSION = YES;
				CLANG_WARN_OBJC_ROOT_CLASS = YES_ERROR;
				CLANG_WARN_QUOTED_INCLUDE_IN_FRAMEWORK_HEADER = YES;
				CLANG_WARN_RANGE_LOOP_ANALYSIS = YES;
				CLANG_WARN_STRICT_PROTOTYPES = YES;
				CLANG_WARN_SUSPICIOUS_MOVE = YES;
				CLANG_WARN_UNGUARDED_AVAILABILITY = YES_AGGRESSIVE;
				CLANG_WARN_UNREACHABLE_CODE = YES;
				CLANG_WARN__DUPLICATE_METHOD_MATCH = YES;
				COPY_PHASE_STRIP = NO;
				DEBUG_INFORMATION_FORMAT = dwarf;
				ENABLE_STRICT_OBJC_MSGSEND = YES;
				ENABLE_TESTABILITY = YES;
				GCC_C_LANGUAGE_STANDARD = gnu11;
				GCC_DYNAMIC_NO_PIC = NO;
				GCC_NO_COMMON_BLOCKS = YES;
				GCC_OPTIMIZATION_LEVEL = 0;
				GCC_PREPROCESSOR_DEFINITIONS = (
					"DEBUG=1",
					"$(inherited)",
				);
				GCC_WARN_64_TO_32_BIT_CONVERSION = YES;
				GCC_WARN_ABOUT_RETURN_TYPE = YES_ERROR;
				GCC_WARN_UNDECLARED_SELECTOR = YES;
				GCC_WARN_UNINITIALIZED_AUTOS = YES_AGGRESSIVE;
				GCC_WARN_UNUSED_FUNCTION = YES;
				GCC_WARN_UNUSED_VARIABLE = YES;
				IPHONEOS_DEPLOYMENT_TARGET = 13.0;
				MTL_ENABLE_DEBUG_INFO = YES;
				ONLY_ACTIVE_ARCH = YES;
				SDKROOT = iphoneos;
				SWIFT_ACTIVE_COMPILATION_CONDITIONS = DEBUG;
				SWIFT_OPTIMIZATION_LEVEL = "-Onone";
			};
			name = Debug;
		};
		1E00657D27CFF7EC006FF6E9 /* Release */ = {
			isa = XCBuildConfiguration;
			buildSettings = {
				ALWAYS_SEARCH_USER_PATHS = NO;
				CLANG_ANALYZER_NONNULL = YES;
				CLANG_ANALYZER_NUMBER_OBJECT_CONVERSION = YES_AGGRESSIVE;
				CLANG_CXX_LANGUAGE_STANDARD = "gnu++17";
				CLANG_CXX_LIBRARY = "libc++";
				CLANG_ENABLE_MODULES = YES;
				CLANG_ENABLE_OBJC_ARC = YES;
				CLANG_ENABLE_OBJC_WEAK = YES;
				CLANG_WARN_BLOCK_CAPTURE_AUTORELEASING = YES;
				CLANG_WARN_BOOL_CONVERSION = YES;
				CLANG_WARN_COMMA = YES;
				CLANG_WARN_CONSTANT_CONVERSION = YES;
				CLANG_WARN_DEPRECATED_OBJC_IMPLEMENTATIONS = YES;
				CLANG_WARN_DIRECT_OBJC_ISA_USAGE = YES_ERROR;
				CLANG_WARN_DOCUMENTATION_COMMENTS = YES;
				CLANG_WARN_EMPTY_BODY = YES;
				CLANG_WARN_ENUM_CONVERSION = YES;
				CLANG_WARN_INFINITE_RECURSION = YES;
				CLANG_WARN_INT_CONVERSION = YES;
				CLANG_WARN_NON_LITERAL_NULL_CONVERSION = YES;
				CLANG_WARN_OBJC_IMPLICIT_RETAIN_SELF = YES;
				CLANG_WARN_OBJC_LITERAL_CONVERSION = YES;
				CLANG_WARN_OBJC_ROOT_CLASS = YES_ERROR;
				CLANG_WARN_QUOTED_INCLUDE_IN_FRAMEWORK_HEADER = YES;
				CLANG_WARN_RANGE_LOOP_ANALYSIS = YES;
				CLANG_WARN_STRICT_PROTOTYPES = YES;
				CLANG_WARN_SUSPICIOUS_MOVE = YES;
				CLANG_WARN_UNGUARDED_AVAILABILITY = YES_AGGRESSIVE;
				CLANG_WARN_UNREACHABLE_CODE = YES;
				CLANG_WARN__DUPLICATE_METHOD_MATCH = YES;
				COPY_PHASE_STRIP = NO;
				DEBUG_INFORMATION_FORMAT = "dwarf-with-dsym";
				ENABLE_NS_ASSERTIONS = NO;
				ENABLE_STRICT_OBJC_MSGSEND = YES;
				GCC_C_LANGUAGE_STANDARD = gnu11;
				GCC_NO_COMMON_BLOCKS = YES;
				GCC_WARN_64_TO_32_BIT_CONVERSION = YES;
				GCC_WARN_ABOUT_RETURN_TYPE = YES_ERROR;
				GCC_WARN_UNDECLARED_SELECTOR = YES;
				GCC_WARN_UNINITIALIZED_AUTOS = YES_AGGRESSIVE;
				GCC_WARN_UNUSED_FUNCTION = YES;
				GCC_WARN_UNUSED_VARIABLE = YES;
				IPHONEOS_DEPLOYMENT_TARGET = 13.0;
				MTL_ENABLE_DEBUG_INFO = NO;
				SDKROOT = iphoneos;
				SWIFT_COMPILATION_MODE = wholemodule;
				SWIFT_OPTIMIZATION_LEVEL = "-O";
				VALIDATE_PRODUCT = YES;
			};
			name = Release;
		};
		1E00657F27CFF7EC006FF6E9 /* Debug */ = {
			isa = XCBuildConfiguration;
			buildSettings = {
				ASSETCATALOG_COMPILER_APPICON_NAME = AppIcon;
				ASSETCATALOG_COMPILER_GLOBAL_ACCENT_COLOR_NAME = AccentColor;
				CODE_SIGN_STYLE = Automatic;
				CURRENT_PROJECT_VERSION = 1;
				DEVELOPMENT_TEAM = 65723695GD;
				GENERATE_INFOPLIST_FILE = YES;
				INFOPLIST_FILE = CheetahAppTest/Info.plist;
				INFOPLIST_KEY_UIApplicationSupportsIndirectInputEvents = YES;
				INFOPLIST_KEY_UILaunchStoryboardName = LaunchScreen;
				INFOPLIST_KEY_UIMainStoryboardFile = Main;
				INFOPLIST_KEY_UISupportedInterfaceOrientations_iPad = "UIInterfaceOrientationPortrait UIInterfaceOrientationPortraitUpsideDown UIInterfaceOrientationLandscapeLeft UIInterfaceOrientationLandscapeRight";
				INFOPLIST_KEY_UISupportedInterfaceOrientations_iPhone = "UIInterfaceOrientationPortrait UIInterfaceOrientationLandscapeLeft UIInterfaceOrientationLandscapeRight";
				IPHONEOS_DEPLOYMENT_TARGET = 13.0;
				LD_RUNPATH_SEARCH_PATHS = (
					"$(inherited)",
					"@executable_path/Frameworks",
				);
				MARKETING_VERSION = 1.0;
				PRODUCT_BUNDLE_IDENTIFIER = ai.picovoice.CheetahAppTest;
				PRODUCT_NAME = "$(TARGET_NAME)";
				SWIFT_EMIT_LOC_STRINGS = YES;
				SWIFT_VERSION = 5.0;
				TARGETED_DEVICE_FAMILY = 1;
			};
			name = Debug;
		};
		1E00658027CFF7EC006FF6E9 /* Release */ = {
			isa = XCBuildConfiguration;
			buildSettings = {
				ASSETCATALOG_COMPILER_APPICON_NAME = AppIcon;
				ASSETCATALOG_COMPILER_GLOBAL_ACCENT_COLOR_NAME = AccentColor;
				CODE_SIGN_STYLE = Automatic;
				CURRENT_PROJECT_VERSION = 1;
				DEVELOPMENT_TEAM = 65723695GD;
				GENERATE_INFOPLIST_FILE = YES;
				INFOPLIST_FILE = CheetahAppTest/Info.plist;
				INFOPLIST_KEY_UIApplicationSupportsIndirectInputEvents = YES;
				INFOPLIST_KEY_UILaunchStoryboardName = LaunchScreen;
				INFOPLIST_KEY_UIMainStoryboardFile = Main;
				INFOPLIST_KEY_UISupportedInterfaceOrientations_iPad = "UIInterfaceOrientationPortrait UIInterfaceOrientationPortraitUpsideDown UIInterfaceOrientationLandscapeLeft UIInterfaceOrientationLandscapeRight";
				INFOPLIST_KEY_UISupportedInterfaceOrientations_iPhone = "UIInterfaceOrientationPortrait UIInterfaceOrientationLandscapeLeft UIInterfaceOrientationLandscapeRight";
				IPHONEOS_DEPLOYMENT_TARGET = 13.0;
				LD_RUNPATH_SEARCH_PATHS = (
					"$(inherited)",
					"@executable_path/Frameworks",
				);
				MARKETING_VERSION = 1.0;
				PRODUCT_BUNDLE_IDENTIFIER = ai.picovoice.CheetahAppTest;
				PRODUCT_NAME = "$(TARGET_NAME)";
				SWIFT_EMIT_LOC_STRINGS = YES;
				SWIFT_VERSION = 5.0;
				TARGETED_DEVICE_FAMILY = 1;
			};
			name = Release;
		};
		1E00658527CFF7EC006FF6E9 /* Debug */ = {
			isa = XCBuildConfiguration;
			buildSettings = {
				CODE_SIGN_STYLE = Automatic;
				CURRENT_PROJECT_VERSION = 1;
				DEVELOPMENT_TEAM = 8TK4L7UF2X;
				GENERATE_INFOPLIST_FILE = YES;
				LD_RUNPATH_SEARCH_PATHS = (
					"$(inherited)",
					"@executable_path/Frameworks",
					"@loader_path/Frameworks",
				);
				MARKETING_VERSION = 1.0;
				PRODUCT_BUNDLE_IDENTIFIER = ai.picovoice.CheetahAppTestUITests;
				PRODUCT_NAME = "$(TARGET_NAME)";
				SWIFT_EMIT_LOC_STRINGS = NO;
				SWIFT_VERSION = 5.0;
				TARGETED_DEVICE_FAMILY = "1,2";
				TEST_TARGET_NAME = CheetahAppTest;
			};
			name = Debug;
		};
		1E00658627CFF7EC006FF6E9 /* Release */ = {
			isa = XCBuildConfiguration;
			buildSettings = {
				CODE_SIGN_STYLE = Automatic;
				CURRENT_PROJECT_VERSION = 1;
				DEVELOPMENT_TEAM = 8TK4L7UF2X;
				GENERATE_INFOPLIST_FILE = YES;
				LD_RUNPATH_SEARCH_PATHS = (
					"$(inherited)",
					"@executable_path/Frameworks",
					"@loader_path/Frameworks",
				);
				MARKETING_VERSION = 1.0;
				PRODUCT_BUNDLE_IDENTIFIER = ai.picovoice.CheetahAppTestUITests;
				PRODUCT_NAME = "$(TARGET_NAME)";
				SWIFT_EMIT_LOC_STRINGS = NO;
				SWIFT_VERSION = 5.0;
				TARGETED_DEVICE_FAMILY = "1,2";
				TEST_TARGET_NAME = CheetahAppTest;
			};
			name = Release;
		};
		1E5B7B2E2800F6FE00F8BDDB /* Debug */ = {
			isa = XCBuildConfiguration;
			buildSettings = {
				CLANG_ENABLE_MODULES = YES;
				CODE_SIGN_STYLE = Automatic;
				CURRENT_PROJECT_VERSION = 1;
				DEVELOPMENT_TEAM = 65723695GD;
				GENERATE_INFOPLIST_FILE = YES;
				LD_RUNPATH_SEARCH_PATHS = (
					"$(inherited)",
					"@executable_path/Frameworks",
					"@loader_path/Frameworks",
				);
				MARKETING_VERSION = 1.0;
				PRODUCT_BUNDLE_IDENTIFIER = ai.picovoice.CheetahAppTestUITests;
				PRODUCT_NAME = "$(TARGET_NAME)";
				SWIFT_EMIT_LOC_STRINGS = NO;
				SWIFT_OPTIMIZATION_LEVEL = "-Onone";
				SWIFT_VERSION = 5.0;
				TARGETED_DEVICE_FAMILY = "1,2";
				TEST_TARGET_NAME = CheetahAppTest;
			};
			name = Debug;
		};
		1E5B7B2F2800F6FE00F8BDDB /* Release */ = {
			isa = XCBuildConfiguration;
			buildSettings = {
				CLANG_ENABLE_MODULES = YES;
				CODE_SIGN_STYLE = Automatic;
				CURRENT_PROJECT_VERSION = 1;
				DEVELOPMENT_TEAM = 65723695GD;
				GENERATE_INFOPLIST_FILE = YES;
				LD_RUNPATH_SEARCH_PATHS = (
					"$(inherited)",
					"@executable_path/Frameworks",
					"@loader_path/Frameworks",
				);
				MARKETING_VERSION = 1.0;
				PRODUCT_BUNDLE_IDENTIFIER = ai.picovoice.CheetahAppTestUITests;
				PRODUCT_NAME = "$(TARGET_NAME)";
				SWIFT_EMIT_LOC_STRINGS = NO;
				SWIFT_VERSION = 5.0;
				TARGETED_DEVICE_FAMILY = "1,2";
				TEST_TARGET_NAME = CheetahAppTest;
			};
			name = Release;
		};
/* End XCBuildConfiguration section */

/* Begin XCConfigurationList section */
		1E00654F27CFF7EB006FF6E9 /* Build configuration list for PBXProject "CheetahAppTest" */ = {
			isa = XCConfigurationList;
			buildConfigurations = (
				1E00657C27CFF7EC006FF6E9 /* Debug */,
				1E00657D27CFF7EC006FF6E9 /* Release */,
			);
			defaultConfigurationIsVisible = 0;
			defaultConfigurationName = Release;
		};
		1E00657E27CFF7EC006FF6E9 /* Build configuration list for PBXNativeTarget "CheetahAppTest" */ = {
			isa = XCConfigurationList;
			buildConfigurations = (
				1E00657F27CFF7EC006FF6E9 /* Debug */,
				1E00658027CFF7EC006FF6E9 /* Release */,
			);
			defaultConfigurationIsVisible = 0;
			defaultConfigurationName = Release;
		};
		1E00658427CFF7EC006FF6E9 /* Build configuration list for PBXNativeTarget "CheetahAppTestUITests" */ = {
			isa = XCConfigurationList;
			buildConfigurations = (
				1E00658527CFF7EC006FF6E9 /* Debug */,
				1E00658627CFF7EC006FF6E9 /* Release */,
			);
			defaultConfigurationIsVisible = 0;
			defaultConfigurationName = Release;
		};
		1E5B7B2D2800F6FE00F8BDDB /* Build configuration list for PBXNativeTarget "PerformanceTest" */ = {
			isa = XCConfigurationList;
			buildConfigurations = (
				1E5B7B2E2800F6FE00F8BDDB /* Debug */,
				1E5B7B2F2800F6FE00F8BDDB /* Release */,
			);
			defaultConfigurationIsVisible = 0;
			defaultConfigurationName = Release;
		};
/* End XCConfigurationList section */

/* Begin XCLocalSwiftPackageReference section */
		07BA482F2D01233800A57078 /* XCLocalSwiftPackageReference "../../../../cheetah" */ = {
			isa = XCLocalSwiftPackageReference;
			relativePath = ../../../../cheetah;
		};
		E1E0C7FE2CF11FD9001D6D84 /* XCLocalSwiftPackageReference "../../../../cheetah" */ = {
			isa = XCLocalSwiftPackageReference;
			relativePath = ../../../../cheetah;
		};
/* End XCLocalSwiftPackageReference section */

/* Begin XCSwiftPackageProductDependency section */
		E1E0C8002CF120B0001D6D84 /* Cheetah */ = {
			isa = XCSwiftPackageProductDependency;
			package = E1E0C7FE2CF11FD9001D6D84 /* XCLocalSwiftPackageReference "../../../../cheetah" */;
			productName = Cheetah;
		};
		E1E0C8022CF120B7001D6D84 /* Cheetah */ = {
			isa = XCSwiftPackageProductDependency;
			package = E1E0C7FE2CF11FD9001D6D84 /* XCLocalSwiftPackageReference "../../../../cheetah" */;
			productName = Cheetah;
		};
		E1E0C8042CF120BE001D6D84 /* Cheetah */ = {
			isa = XCSwiftPackageProductDependency;
			package = E1E0C7FE2CF11FD9001D6D84 /* XCLocalSwiftPackageReference "../../../../cheetah" */;
			productName = Cheetah;
		};
/* End XCSwiftPackageProductDependency section */
	};
	rootObject = 1E00654C27CFF7EB006FF6E9 /* Project object */;
}
