github.com/Picovoice/cheetah/binding/go v0.0.0-20220215235627-a8d9e7cccf27 h1:/1UWGk3v5zow0xAaSVqpm1xyfi37VjuaG1eDFz9fw4U=
github.com/Picovoice/cheetah/binding/go v0.0.0-20220215235627-a8d9e7cccf27/go.mod h1:N4BtPVCSbEw+MFNd/sdJ0tShv/HcoosTwI2WiHNscsc=
github.com/Picovoice/cheetah/binding/go v0.0.0-20220216004239-2116be7f26c1 h1:WpU+t+3MMUPgrsJyZwpE7TUWNqwui6HYss9i9ihWpWc=
github.com/Picovoice/cheetah/binding/go v0.0.0-20220216004239-2116be7f26c1/go.mod h1:N4BtPVCSbEw+MFNd/sdJ0tShv/HcoosTwI2WiHNscsc=
github.com/Picovoice/cheetah/binding/go v0.0.0-20220216004559-c2d8833ac15a h1:6nIAyVCKL00OIO5Z0BwkIXhTXn6SOoao7G7vP9gTqdU=
github.com/Picovoice/cheetah/binding/go v0.0.0-20220216004559-c2d8833ac15a/go.mod h1:N4BtPVCSbEw+MFNd/sdJ0tShv/HcoosTwI2WiHNscsc=
github.com/Picovoice/cheetah/binding/go v0.0.0-20220216005945-38bb26df4a1d h1:4Ij7nr8AnPxrQUZ2RaIYYiWT8i1bphiWg7cIWptuZZU=
github.com/Picovoice/cheetah/binding/go v0.0.0-20220216005945-38bb26df4a1d/go.mod h1:N4BtPVCSbEw+MFNd/sdJ0tShv/HcoosTwI2WiHNscsc=
github.com/Picovoice/cheetah/binding/go v0.0.0-20220216010303-b8664d908ec5 h1:vfmwENH6tibjU424dHQ7/ERr/RH1P+CwnxzQNbSpNi0=
github.com/Picovoice/cheetah/binding/go v0.0.0-20220216010303-b8664d908ec5/go.mod h1:N4BtPVCSbEw+MFNd/sdJ0tShv/HcoosTwI2WiHNscsc=
github.com/Picovoice/pvrecorder/sdk/go v1.0.2 h1:UMgGSRjT5ro3DmncOYu6aiCikQp9pZlR3MPQa6QatEo=
github.com/Picovoice/pvrecorder/sdk/go v1.0.2/go.mod h1:vkNmQAJCFgKBhSfqdff3OuxvXVpIuwv48odGc3ki83M=
github.com/go-audio/audio v1.0.0 h1:zS9vebldgbQqktK4H0lUqWrG8P0NxCJVqcj7ZpNnwd4=
github.com/go-audio/audio v1.0.0/go.mod h1:6uAu0+H2lHkwdGsAY+j2wHPNPpPoeg5AaEFh9FlA+Zs=
github.com/go-audio/riff v1.0.0 h1:d8iCGbDvox9BfLagY94fBynxSPHO80LmZCaOsmKxokA=
github.com/go-audio/riff v1.0.0/go.mod h1:l3cQwc85y79NQFCRB7TiPoNiaijp6q8Z0Uv38rVG498=
github.com/go-audio/wav v1.0.0 h1:WdSGLhtyud6bof6XHL28xKeCQRzCV06pOFo3LZsFdyE=
github.com/go-audio/wav v1.0.0/go.mod h1:3yoReyQOsiARkvPl3ERCi8JFjihzG6WhjYpZCf5zAWE=
golang.org/x/sys v0.0.0-20210514084401-e8d321eab015/go.mod h1:oPkhp1MJrh7nUepCBck5+mAzfO9JrbApNNgaTdGDITg=
golang.org/x/sys v0.0.0-20210823070655-63515b42dcdf/go.mod h1:oPkhp1MJrh7nUepCBck5+mAzfO9JrbApNNgaTdGDITg=
golang.org/x/sys v0.0.0-20220209214540-3681064d5158 h1:rm+CHSpPEEW2IsXUib1ThaHIjuBVZjxNgSKmBLFfD4c=
golang.org/x/sys v0.0.0-20220209214540-3681064d5158/go.mod h1:oPkhp1MJrh7nUepCBck5+mAzfO9JrbApNNgaTdGDITg=
