// !$*UTF8*$!
{
	archiveVersion = 1;
	classes = {
	};
	objectVersion = 46;
	objects = {

/* Begin PBXBuildFile section */
		32769079E5BC2BA141FA659F /* ViewModel.swift in Sources */ = {isa = PBXBuildFile; fileRef = 327695EA9D71F6A29C6D079A /* ViewModel.swift */; };
		3276967434C9CEBD0AF09237 /* Assets.xcassets in Resources */ = {isa = PBXBuildFile; fileRef = 327694975368499C3B7946DD /* Assets.xcassets */; };
		327698EADFD16D8F70823520 /* CheetahDemoApp.swift in Sources */ = {isa = PBXBuildFile; fileRef = 327697358B823E5B2EF0FA8C /* CheetahDemoApp.swift */; };
		32769B2E1B2C5A2A897FFB10 /* ContentView.swift in Sources */ = {isa = PBXBuildFile; fileRef = 32769F3923C69C8C0C435CCF /* ContentView.swift */; };
		32769C58D7E56BA187567FE6 /* cheetah_params.pv in Resources */ = {isa = PBXBuildFile; fileRef = 327698B2EA8A4DD88C527110 /* cheetah_params.pv */; };
		AF10BC13B27DBA6B733B192A /* libPods-CheetahDemo.a in Frameworks */ = {isa = PBXBuildFile; fileRef = CB997F06C7C673F9F2446D95 /* libPods-CheetahDemo.a */; };
/* End PBXBuildFile section */

/* Begin PBXFileReference section */
		327694975368499C3B7946DD /* Assets.xcassets */ = {isa = PBXFileReference; lastKnownFileType = folder.assetcatalog; path = Assets.xcassets; sourceTree = "<group>"; };
		327695EA9D71F6A29C6D079A /* ViewModel.swift */ = {isa = PBXFileReference; fileEncoding = 4; lastKnownFileType = sourcecode.swift; path = ViewModel.swift; sourceTree = "<group>"; };
		327697358B823E5B2EF0FA8C /* CheetahDemoApp.swift */ = {isa = PBXFileReference; lastKnownFileType = sourcecode.swift; path = CheetahDemoApp.swift; sourceTree = "<group>"; };
		327698B2EA8A4DD88C527110 /* cheetah_params.pv */ = {isa = PBXFileReference; lastKnownFileType = file.pv; name = cheetah_params.pv; path = ../../../../lib/common/cheetah_params.pv; sourceTree = "<group>"; };
		327699927E572962C40A7A04 /* CheetahDemo.app */ = {isa = PBXFileReference; explicitFileType = wrapper.application; includeInIndex = 0; path = CheetahDemo.app; sourceTree = BUILT_PRODUCTS_DIR; };
		32769E49F724E169E0E13E27 /* Info.plist */ = {isa = PBXFileReference; fileEncoding = 4; lastKnownFileType = text.plist.info; path = Info.plist; sourceTree = "<group>"; };
		32769F3923C69C8C0C435CCF /* ContentView.swift */ = {isa = PBXFileReference; lastKnownFileType = sourcecode.swift; path = ContentView.swift; sourceTree = "<group>"; };
		3B82BCD82CCC5303A602F516 /* Pods-CheetahDemoUITests.debug.xcconfig */ = {isa = PBXFileReference; includeInIndex = 1; lastKnownFileType = text.xcconfig; name = "Pods-CheetahDemoUITests.debug.xcconfig"; path = "Target Support Files/Pods-CheetahDemoUITests/Pods-CheetahDemoUITests.debug.xcconfig"; sourceTree = "<group>"; };
		79E6C5E1A07F1F9C428E73D4 /* Pods-CheetahDemo.debug.xcconfig */ = {isa = PBXFileReference; includeInIndex = 1; lastKnownFileType = text.xcconfig; name = "Pods-CheetahDemo.debug.xcconfig"; path = "Target Support Files/Pods-CheetahDemo/Pods-CheetahDemo.debug.xcconfig"; sourceTree = "<group>"; };
		BD4ECBA4E7173E9ECE685095 /* Pods-CheetahDemo.release.xcconfig */ = {isa = PBXFileReference; includeInIndex = 1; lastKnownFileType = text.xcconfig; name = "Pods-CheetahDemo.release.xcconfig"; path = "Target Support Files/Pods-CheetahDemo/Pods-CheetahDemo.release.xcconfig"; sourceTree = "<group>"; };
		CB997F06C7C673F9F2446D95 /* libPods-CheetahDemo.a */ = {isa = PBXFileReference; explicitFileType = archive.ar; includeInIndex = 0; path = "libPods-CheetahDemo.a"; sourceTree = BUILT_PRODUCTS_DIR; };
		F33333AE1B947FF5FFB3E9E7 /* Pods-CheetahDemoUITests.release.xcconfig */ = {isa = PBXFileReference; includeInIndex = 1; lastKnownFileType = text.xcconfig; name = "Pods-CheetahDemoUITests.release.xcconfig"; path = "Target Support Files/Pods-CheetahDemoUITests/Pods-CheetahDemoUITests.release.xcconfig"; sourceTree = "<group>"; };
/* End PBXFileReference section */

/* Begin PBXFrameworksBuildPhase section */
		32769FD78B69EE3D028A9BD8 /* Frameworks */ = {
			isa = PBXFrameworksBuildPhase;
			buildActionMask = 2147483647;
			files = (
				AF10BC13B27DBA6B733B192A /* libPods-CheetahDemo.a in Frameworks */,
			);
			runOnlyForDeploymentPostprocessing = 0;
		};
/* End PBXFrameworksBuildPhase section */

/* Begin PBXGroup section */
		152DF7E2EA2DFC4CD7EB46DC /* Frameworks */ = {
			isa = PBXGroup;
			children = (
				CB997F06C7C673F9F2446D95 /* libPods-CheetahDemo.a */,
			);
			name = Frameworks;
			sourceTree = "<group>";
		};
		327692BCE8C735F3534C318E = {
			isa = PBXGroup;
			children = (
				32769B87809678D96B1C6C55 /* Products */,
				32769C17C8FD0599F872D3D1 /* CheetahDemo */,
				AED451108802979154B4E395 /* Pods */,
				152DF7E2EA2DFC4CD7EB46DC /* Frameworks */,
			);
			sourceTree = "<group>";
		};
		32769B87809678D96B1C6C55 /* Products */ = {
			isa = PBXGroup;
			children = (
				327699927E572962C40A7A04 /* CheetahDemo.app */,
			);
			name = Products;
			sourceTree = "<group>";
		};
		32769C17C8FD0599F872D3D1 /* CheetahDemo */ = {
			isa = PBXGroup;
			children = (
				327694975368499C3B7946DD /* Assets.xcassets */,
				327697358B823E5B2EF0FA8C /* CheetahDemoApp.swift */,
				32769F3923C69C8C0C435CCF /* ContentView.swift */,
				327695EA9D71F6A29C6D079A /* ViewModel.swift */,
				32769E49F724E169E0E13E27 /* Info.plist */,
				327698B2EA8A4DD88C527110 /* cheetah_params.pv */,
			);
			path = CheetahDemo;
			sourceTree = "<group>";
		};
		AED451108802979154B4E395 /* Pods */ = {
			isa = PBXGroup;
			children = (
				79E6C5E1A07F1F9C428E73D4 /* Pods-CheetahDemo.debug.xcconfig */,
				BD4ECBA4E7173E9ECE685095 /* Pods-CheetahDemo.release.xcconfig */,
				3B82BCD82CCC5303A602F516 /* Pods-CheetahDemoUITests.debug.xcconfig */,
				F33333AE1B947FF5FFB3E9E7 /* Pods-CheetahDemoUITests.release.xcconfig */,
			);
			path = Pods;
			sourceTree = "<group>";
		};
/* End PBXGroup section */

/* Begin PBXNativeTarget section */
		327696DE3A6139B4D33CA898 /* CheetahDemo */ = {
			isa = PBXNativeTarget;
			buildConfigurationList = 32769440EBAF1B96C25C64E5 /* Build configuration list for PBXNativeTarget "CheetahDemo" */;
			buildPhases = (
				EEEBC400C3F382C9ADB47297 /* [CP] Check Pods Manifest.lock */,
				32769E8C15D0D566DE02D742 /* Sources */,
				32769FD78B69EE3D028A9BD8 /* Frameworks */,
				327698D80053ADD919041906 /* Resources */,
				6B8F74027D329047EE376040 /* [CP] Embed Pods Frameworks */,
			);
			buildRules = (
			);
			dependencies = (
			);
			name = CheetahDemo;
			productName = CheetahDemo;
			productReference = 327699927E572962C40A7A04 /* CheetahDemo.app */;
			productType = "com.apple.product-type.application";
		};
/* End PBXNativeTarget section */

/* Begin PBXProject section */
		32769964E3C57B4A4BE3CC9E /* Project object */ = {
			isa = PBXProject;
			attributes = {
				ORGANIZATIONNAME = "";
				TargetAttributes = {
					327696DE3A6139B4D33CA898 = {
						DevelopmentTeam = 65723695GD;
						ProvisioningStyle = Automatic;
					};
				};
			};
			buildConfigurationList = 327696958E0082B4F28106AE /* Build configuration list for PBXProject "CheetahDemo" */;
			compatibilityVersion = "Xcode 3.2";
			developmentRegion = English;
			hasScannedForEncodings = 0;
			knownRegions = (
				English,
				en,
			);
			mainGroup = 327692BCE8C735F3534C318E;
			productRefGroup = 32769B87809678D96B1C6C55 /* Products */;
			projectDirPath = "";
			projectRoot = "";
			targets = (
				327696DE3A6139B4D33CA898 /* CheetahDemo */,
			);
		};
/* End PBXProject section */

/* Begin PBXResourcesBuildPhase section */
		327698D80053ADD919041906 /* Resources */ = {
			isa = PBXResourcesBuildPhase;
			buildActionMask = 2147483647;
			files = (
				3276967434C9CEBD0AF09237 /* Assets.xcassets in Resources */,
				32769C58D7E56BA187567FE6 /* cheetah_params.pv in Resources */,
			);
			runOnlyForDeploymentPostprocessing = 0;
		};
/* End PBXResourcesBuildPhase section */

/* Begin PBXShellScriptBuildPhase section */
		6B8F74027D329047EE376040 /* [CP] Embed Pods Frameworks */ = {
			isa = PBXShellScriptBuildPhase;
			buildActionMask = 2147483647;
			files = (
			);
			inputPaths = (
				"${PODS_ROOT}/Target Support Files/Pods-CheetahDemo/Pods-CheetahDemo-frameworks.sh",
				"${PODS_XCFRAMEWORKS_BUILD_DIR}/Cheetah-iOS/PvCheetah.framework/PvCheetah",
			);
			name = "[CP] Embed Pods Frameworks";
			outputPaths = (
				"${TARGET_BUILD_DIR}/${FRAMEWORKS_FOLDER_PATH}/PvCheetah.framework",
			);
			runOnlyForDeploymentPostprocessing = 0;
			shellPath = /bin/sh;
			shellScript = "\"${PODS_ROOT}/Target Support Files/Pods-CheetahDemo/Pods-CheetahDemo-frameworks.sh\"\n";
			showEnvVarsInLog = 0;
		};
		EEEBC400C3F382C9ADB47297 /* [CP] Check Pods Manifest.lock */ = {
			isa = PBXShellScriptBuildPhase;
			buildActionMask = 2147483647;
			files = (
			);
			inputFileListPaths = (
			);
			inputPaths = (
				"${PODS_PODFILE_DIR_PATH}/Podfile.lock",
				"${PODS_ROOT}/Manifest.lock",
			);
			name = "[CP] Check Pods Manifest.lock";
			outputFileListPaths = (
			);
			outputPaths = (
				"$(DERIVED_FILE_DIR)/Pods-CheetahDemo-checkManifestLockResult.txt",
			);
			runOnlyForDeploymentPostprocessing = 0;
			shellPath = /bin/sh;
			shellScript = "diff \"${PODS_PODFILE_DIR_PATH}/Podfile.lock\" \"${PODS_ROOT}/Manifest.lock\" > /dev/null\nif [ $? != 0 ] ; then\n    # print error to STDERR\n    echo \"error: The sandbox is not in sync with the Podfile.lock. Run 'pod install' or update your CocoaPods installation.\" >&2\n    exit 1\nfi\n# This output is used by Xcode 'outputs' to avoid re-running this script phase.\necho \"SUCCESS\" > \"${SCRIPT_OUTPUT_FILE_0}\"\n";
			showEnvVarsInLog = 0;
		};
/* End PBXShellScriptBuildPhase section */

/* Begin PBXSourcesBuildPhase section */
		32769E8C15D0D566DE02D742 /* Sources */ = {
			isa = PBXSourcesBuildPhase;
			buildActionMask = 2147483647;
			files = (
				327698EADFD16D8F70823520 /* CheetahDemoApp.swift in Sources */,
				32769B2E1B2C5A2A897FFB10 /* ContentView.swift in Sources */,
				32769079E5BC2BA141FA659F /* ViewModel.swift in Sources */,
			);
			runOnlyForDeploymentPostprocessing = 0;
		};
/* End PBXSourcesBuildPhase section */

/* Begin XCBuildConfiguration section */
		32769487371C1880F7B21CB3 /* Release */ = {
			isa = XCBuildConfiguration;
			buildSettings = {
				ALWAYS_SEARCH_USER_PATHS = NO;
				CLANG_ANALYZER_NONNULL = YES;
				CLANG_ANALYZER_NUMBER_OBJECT_CONVERSION = YES_AGGRESSIVE;
				CLANG_CXX_LANGUAGE_STANDARD = "gnu++14";
				CLANG_CXX_LIBRARY = "libc++";
				CLANG_ENABLE_MODULES = YES;
				CLANG_ENABLE_OBJC_ARC = YES;
				CLANG_ENABLE_OBJC_WEAK = NO;
				CLANG_WARN_BLOCK_CAPTURE_AUTORELEASING = YES;
				CLANG_WARN_BOOL_CONVERSION = YES;
				CLANG_WARN_COMMA = YES;
				CLANG_WARN_CONSTANT_CONVERSION = YES;
				CLANG_WARN_DEPRECATED_OBJC_IMPLEMENTATIONS = YES;
				CLANG_WARN_DIRECT_OBJC_ISA_USAGE = YES_ERROR;
				CLANG_WARN_DOCUMENTATION_COMMENTS = YES;
				CLANG_WARN_EMPTY_BODY = YES;
				CLANG_WARN_ENUM_CONVERSION = YES;
				CLANG_WARN_INFINITE_RECURSION = YES;
				CLANG_WARN_INT_CONVERSION = YES;
				CLANG_WARN_NON_LITERAL_NULL_CONVERSION = YES;
				CLANG_WARN_OBJC_IMPLICIT_RETAIN_SELF = YES;
				CLANG_WARN_OBJC_LITERAL_CONVERSION = YES;
				CLANG_WARN_OBJC_ROOT_CLASS = YES_ERROR;
				CLANG_WARN_QUOTED_INCLUDE_IN_FRAMEWORK_HEADER = YES;
				CLANG_WARN_RANGE_LOOP_ANALYSIS = YES;
				CLANG_WARN_STRICT_PROTOTYPES = YES;
				CLANG_WARN_SUSPICIOUS_MOVE = YES;
				CLANG_WARN_UNGUARDED_AVAILABILITY = YES_AGGRESSIVE;
				CLANG_WARN_UNREACHABLE_CODE = YES;
				CLANG_WARN__DUPLICATE_METHOD_MATCH = YES;
				CODE_SIGN_IDENTITY = "iPhone Developer";
				COPY_PHASE_STRIP = NO;
				DEBUG_INFORMATION_FORMAT = "dwarf-with-dsym";
				DEVELOPMENT_TEAM = "";
				ENABLE_NS_ASSERTIONS = NO;
				ENABLE_STRICT_OBJC_MSGSEND = YES;
				GCC_C_LANGUAGE_STANDARD = gnu11;
				GCC_NO_COMMON_BLOCKS = YES;
				GCC_WARN_64_TO_32_BIT_CONVERSION = YES;
				GCC_WARN_ABOUT_RETURN_TYPE = YES_ERROR;
				GCC_WARN_UNDECLARED_SELECTOR = YES;
				GCC_WARN_UNINITIALIZED_AUTOS = YES_AGGRESSIVE;
				GCC_WARN_UNUSED_FUNCTION = YES;
				GCC_WARN_UNUSED_VARIABLE = YES;
				IPHONEOS_DEPLOYMENT_TARGET = 14.0;
				MTL_ENABLE_DEBUG_INFO = NO;
				MTL_FAST_MATH = YES;
				SDKROOT = iphoneos;
				SWIFT_INCLUDE_PATHS = "${SRCROOT}";
				SWIFT_OPTIMIZATION_LEVEL = "-Owholemodule";
				VALIDATE_PRODUCT = YES;
			};
			name = Release;
		};
		3276957BE00965E54B1F13C1 /* Debug */ = {
			isa = XCBuildConfiguration;
			baseConfigurationReference = 79E6C5E1A07F1F9C428E73D4 /* Pods-CheetahDemo.debug.xcconfig */;
			buildSettings = {
				ASSETCATALOG_COMPILER_APPICON_NAME = AppIcon;
				ASSETCATALOG_COMPILER_GLOBAL_ACCENT_COLOR_NAME = AccentColor;
				CODE_SIGN_STYLE = Automatic;
				CURRENT_PROJECT_VERSION = 1;
				DEVELOPMENT_TEAM = 65723695GD;
				ENABLE_PREVIEWS = NO;
				GENERATE_INFOPLIST_FILE = NO;
				INFOPLIST_FILE = "$(SRCROOT)/CheetahDemo/Info.plist";
				INFOPLIST_KEY_UIApplicationSceneManifest_Generation = YES;
				INFOPLIST_KEY_UIApplicationSupportsIndirectInputEvents = YES;
				INFOPLIST_KEY_UILaunchScreen_Generation = YES;
				INFOPLIST_KEY_UISupportedInterfaceOrientations_iPad = "UIInterfaceOrientationPortrait UIInterfaceOrientationPortraitUpsideDown UIInterfaceOrientationLandscapeLeft UIInterfaceOrientationLandscapeRight";
				INFOPLIST_KEY_UISupportedInterfaceOrientations_iPhone = "UIInterfaceOrientationPortrait UIInterfaceOrientationLandscapeLeft UIInterfaceOrientationLandscapeRight";
				IPHONEOS_DEPLOYMENT_TARGET = 14.0;
				LD_RUNPATH_SEARCH_PATHS = "$(inherited) @executable_path/Frameworks";
				MARKETING_VERSION = 1.0;
				PRODUCT_BUNDLE_IDENTIFIER = ai.picovoice.CheetahDemo;
				PRODUCT_NAME = "$(TARGET_NAME)";
				SWIFT_EMIT_LOC_STRINGS = YES;
				SWIFT_VERSION = 5.0;
				TARGETED_DEVICE_FAMILY = "1,2";
			};
			name = Debug;
		};
		327698DB666EFBD22F7AB2D5 /* Release */ = {
			isa = XCBuildConfiguration;
			baseConfigurationReference = BD4ECBA4E7173E9ECE685095 /* Pods-CheetahDemo.release.xcconfig */;
			buildSettings = {
				ASSETCATALOG_COMPILER_APPICON_NAME = AppIcon;
				ASSETCATALOG_COMPILER_GLOBAL_ACCENT_COLOR_NAME = AccentColor;
				CODE_SIGN_STYLE = Automatic;
				CURRENT_PROJECT_VERSION = 1;
				DEVELOPMENT_TEAM = 65723695GD;
				ENABLE_PREVIEWS = NO;
				GENERATE_INFOPLIST_FILE = NO;
				INFOPLIST_FILE = "$(SRCROOT)/CheetahDemo/Info.plist";
				INFOPLIST_KEY_UIApplicationSceneManifest_Generation = YES;
				INFOPLIST_KEY_UIApplicationSupportsIndirectInputEvents = YES;
				INFOPLIST_KEY_UILaunchScreen_Generation = YES;
				INFOPLIST_KEY_UISupportedInterfaceOrientations_iPad = "UIInterfaceOrientationPortrait UIInterfaceOrientationPortraitUpsideDown UIInterfaceOrientationLandscapeLeft UIInterfaceOrientationLandscapeRight";
				INFOPLIST_KEY_UISupportedInterfaceOrientations_iPhone = "UIInterfaceOrientationPortrait UIInterfaceOrientationLandscapeLeft UIInterfaceOrientationLandscapeRight";
				IPHONEOS_DEPLOYMENT_TARGET = 14.0;
				LD_RUNPATH_SEARCH_PATHS = "$(inherited) @executable_path/Frameworks";
				MARKETING_VERSION = 1.0;
				PRODUCT_BUNDLE_IDENTIFIER = ai.picovoice.CheetahDemo;
				PRODUCT_NAME = "$(TARGET_NAME)";
				SWIFT_EMIT_LOC_STRINGS = YES;
				SWIFT_VERSION = 5.0;
				TARGETED_DEVICE_FAMILY = "1,2";
			};
			name = Release;
		};
		32769C8460A4DF8298266514 /* Debug */ = {
			isa = XCBuildConfiguration;
			buildSettings = {
				ALWAYS_SEARCH_USER_PATHS = NO;
				CLANG_ANALYZER_NONNULL = YES;
				CLANG_ANALYZER_NUMBER_OBJECT_CONVERSION = YES_AGGRESSIVE;
				CLANG_CXX_LANGUAGE_STANDARD = "gnu++14";
				CLANG_CXX_LIBRARY = "libc++";
				CLANG_ENABLE_MODULES = YES;
				CLANG_ENABLE_OBJC_ARC = YES;
				CLANG_ENABLE_OBJC_WEAK = NO;
				CLANG_WARN_BLOCK_CAPTURE_AUTORELEASING = YES;
				CLANG_WARN_BOOL_CONVERSION = YES;
				CLANG_WARN_COMMA = YES;
				CLANG_WARN_CONSTANT_CONVERSION = YES;
				CLANG_WARN_DEPRECATED_OBJC_IMPLEMENTATIONS = YES;
				CLANG_WARN_DIRECT_OBJC_ISA_USAGE = YES_ERROR;
				CLANG_WARN_DOCUMENTATION_COMMENTS = YES;
				CLANG_WARN_EMPTY_BODY = YES;
				CLANG_WARN_ENUM_CONVERSION = YES;
				CLANG_WARN_INFINITE_RECURSION = YES;
				CLANG_WARN_INT_CONVERSION = YES;
				CLANG_WARN_NON_LITERAL_NULL_CONVERSION = YES;
				CLANG_WARN_OBJC_IMPLICIT_RETAIN_SELF = YES;
				CLANG_WARN_OBJC_LITERAL_CONVERSION = YES;
				CLANG_WARN_OBJC_ROOT_CLASS = YES_ERROR;
				CLANG_WARN_QUOTED_INCLUDE_IN_FRAMEWORK_HEADER = YES;
				CLANG_WARN_RANGE_LOOP_ANALYSIS = YES;
				CLANG_WARN_STRICT_PROTOTYPES = YES;
				CLANG_WARN_SUSPICIOUS_MOVE = YES;
				CLANG_WARN_UNGUARDED_AVAILABILITY = YES_AGGRESSIVE;
				CLANG_WARN_UNREACHABLE_CODE = YES;
				CLANG_WARN__DUPLICATE_METHOD_MATCH = YES;
				CODE_SIGN_IDENTITY = "iPhone Developer";
				COPY_PHASE_STRIP = NO;
				DEBUG_INFORMATION_FORMAT = dwarf;
				DEVELOPMENT_TEAM = "";
				ENABLE_STRICT_OBJC_MSGSEND = YES;
				ENABLE_TESTABILITY = YES;
				GCC_C_LANGUAGE_STANDARD = gnu11;
				GCC_DYNAMIC_NO_PIC = NO;
				GCC_NO_COMMON_BLOCKS = YES;
				GCC_OPTIMIZATION_LEVEL = 0;
				GCC_PREPROCESSOR_DEFINITIONS = (
					"DEBUG=1",
					"$(inherited)",
				);
				GCC_WARN_64_TO_32_BIT_CONVERSION = YES;
				GCC_WARN_ABOUT_RETURN_TYPE = YES_ERROR;
				GCC_WARN_UNDECLARED_SELECTOR = YES;
				GCC_WARN_UNINITIALIZED_AUTOS = YES_AGGRESSIVE;
				GCC_WARN_UNUSED_FUNCTION = YES;
				GCC_WARN_UNUSED_VARIABLE = YES;
				IPHONEOS_DEPLOYMENT_TARGET = 14.0;
				MTL_ENABLE_DEBUG_INFO = YES;
				MTL_FAST_MATH = YES;
				ONLY_ACTIVE_ARCH = YES;
				SDKROOT = iphoneos;
				SWIFT_ACTIVE_COMPILATION_CONDITIONS = DEBUG;
				SWIFT_INCLUDE_PATHS = "${SRCROOT}";
				SWIFT_OPTIMIZATION_LEVEL = "-Onone";
			};
			name = Debug;
		};
/* End XCBuildConfiguration section */

/* Begin XCConfigurationList section */
		32769440EBAF1B96C25C64E5 /* Build configuration list for PBXNativeTarget "CheetahDemo" */ = {
			isa = XCConfigurationList;
			buildConfigurations = (
				3276957BE00965E54B1F13C1 /* Debug */,
				327698DB666EFBD22F7AB2D5 /* Release */,
			);
			defaultConfigurationIsVisible = 0;
			defaultConfigurationName = Release;
		};
		327696958E0082B4F28106AE /* Build configuration list for PBXProject "CheetahDemo" */ = {
			isa = XCConfigurationList;
			buildConfigurations = (
				32769C8460A4DF8298266514 /* Debug */,
				32769487371C1880F7B21CB3 /* Release */,
			);
			defaultConfigurationIsVisible = 0;
			defaultConfigurationName = Release;
		};
/* End XCConfigurationList section */
	};
	rootObject = 32769964E3C57B4A4BE3CC9E /* Project object */;
}
