// !$*UTF8*$!
{
	archiveVersion = 1;
	classes = {
	};
	objectVersion = 54;
	objects = {

/* Begin PBXBuildFile section */
		076CC4872E15FEAA004995F2 /* Cheetah in Frameworks */ = {isa = PBXBuildFile; productRef = 076CC4862E15FEAA004995F2 /* Cheetah */; };
		32769079E5BC2BA141FA659F /* ViewModel.swift in Sources */ = {isa = PBXBuildFile; fileRef = 327695EA9D71F6A29C6D079A /* ViewModel.swift */; };
		3276967434C9CEBD0AF09237 /* Assets.xcassets in Resources */ = {isa = PBXBuildFile; fileRef = 327694975368499C3B7946DD /* Assets.xcassets */; };
		327698EADFD16D8F70823520 /* CheetahDemoApp.swift in Sources */ = {isa = PBXBuildFile; fileRef = 327697358B823E5B2EF0FA8C /* CheetahDemoApp.swift */; };
		32769B2E1B2C5A2A897FFB10 /* ContentView.swift in Sources */ = {isa = PBXBuildFile; fileRef = 32769F3923C69C8C0C435CCF /* ContentView.swift */; };
		32769C58D7E56BA187567FE6 /* cheetah_params.pv in Resources */ = {isa = PBXBuildFile; fileRef = 327698B2EA8A4DD88C527110 /* cheetah_params.pv */; };
		E15A377F2CF7B8ED00A96F85 /* Cheetah in Frameworks */ = {isa = PBXBuildFile; productRef = E15A377E2CF7B8ED00A96F85 /* Cheetah */; };
		E1E0C8082CF12744001D6D84 /* Cheetah in Frameworks */ = {isa = PBXBuildFile; productRef = E1E0C8072CF12744001D6D84 /* Cheetah */; };
		E1E0C80B2CF12778001D6D84 /* ios_voice_processor in Frameworks */ = {isa = PBXBuildFile; productRef = E1E0C80A2CF12778001D6D84 /* ios_voice_processor */; };
/* End PBXBuildFile section */

/* Begin PBXFileReference section */
		327694975368499C3B7946DD /* Assets.xcassets */ = {isa = PBXFileReference; lastKnownFileType = folder.assetcatalog; path = Assets.xcassets; sourceTree = "<group>"; };
		327695EA9D71F6A29C6D079A /* ViewModel.swift */ = {isa = PBXFileReference; fileEncoding = 4; lastKnownFileType = sourcecode.swift; path = ViewModel.swift; sourceTree = "<group>"; };
		327697358B823E5B2EF0FA8C /* CheetahDemoApp.swift */ = {isa = PBXFileReference; lastKnownFileType = sourcecode.swift; path = CheetahDemoApp.swift; sourceTree = "<group>"; };
		327698B2EA8A4DD88C527110 /* cheetah_params.pv */ = {isa = PBXFileReference; lastKnownFileType = file.pv; name = cheetah_params.pv; path = ../../../../lib/common/cheetah_params.pv; sourceTree = "<group>"; };
		327699927E572962C40A7A04 /* CheetahDemo.app */ = {isa = PBXFileReference; explicitFileType = wrapper.application; includeInIndex = 0; path = CheetahDemo.app; sourceTree = BUILT_PRODUCTS_DIR; };
		32769E49F724E169E0E13E27 /* Info.plist */ = {isa = PBXFileReference; fileEncoding = 4; lastKnownFileType = text.plist.info; path = Info.plist; sourceTree = "<group>"; };
		32769F3923C69C8C0C435CCF /* ContentView.swift */ = {isa = PBXFileReference; lastKnownFileType = sourcecode.swift; path = ContentView.swift; sourceTree = "<group>"; };
/* End PBXFileReference section */

/* Begin PBXFrameworksBuildPhase section */
		32769FD78B69EE3D028A9BD8 /* Frameworks */ = {
			isa = PBXFrameworksBuildPhase;
			buildActionMask = 2147483647;
			files = (
				E15A377F2CF7B8ED00A96F85 /* Cheetah in Frameworks */,
				076CC4872E15FEAA004995F2 /* Cheetah in Frameworks */,
				E1E0C80B2CF12778001D6D84 /* ios_voice_processor in Frameworks */,
				E1E0C8082CF12744001D6D84 /* Cheetah in Frameworks */,
			);
			runOnlyForDeploymentPostprocessing = 0;
		};
/* End PBXFrameworksBuildPhase section */

/* Begin PBXGroup section */
		327692BCE8C735F3534C318E = {
			isa = PBXGroup;
			children = (
				32769B87809678D96B1C6C55 /* Products */,
				32769C17C8FD0599F872D3D1 /* CheetahDemo */,
			);
			sourceTree = "<group>";
		};
		32769B87809678D96B1C6C55 /* Products */ = {
			isa = PBXGroup;
			children = (
				327699927E572962C40A7A04 /* CheetahDemo.app */,
			);
			name = Products;
			sourceTree = "<group>";
		};
		32769C17C8FD0599F872D3D1 /* CheetahDemo */ = {
			isa = PBXGroup;
			children = (
				327694975368499C3B7946DD /* Assets.xcassets */,
				327697358B823E5B2EF0FA8C /* CheetahDemoApp.swift */,
				32769F3923C69C8C0C435CCF /* ContentView.swift */,
				327695EA9D71F6A29C6D079A /* ViewModel.swift */,
				32769E49F724E169E0E13E27 /* Info.plist */,
				327698B2EA8A4DD88C527110 /* cheetah_params.pv */,
			);
			path = CheetahDemo;
			sourceTree = "<group>";
		};
/* End PBXGroup section */

/* Begin PBXNativeTarget section */
		327696DE3A6139B4D33CA898 /* CheetahDemo */ = {
			isa = PBXNativeTarget;
			buildConfigurationList = 32769440EBAF1B96C25C64E5 /* Build configuration list for PBXNativeTarget "CheetahDemo" */;
			buildPhases = (
				32769E8C15D0D566DE02D742 /* Sources */,
				32769FD78B69EE3D028A9BD8 /* Frameworks */,
				327698D80053ADD919041906 /* Resources */,
			);
			buildRules = (
			);
			dependencies = (
			);
			name = CheetahDemo;
			productName = CheetahDemo;
			productReference = 327699927E572962C40A7A04 /* CheetahDemo.app */;
			productType = "com.apple.product-type.application";
		};
/* End PBXNativeTarget section */

/* Begin PBXProject section */
		32769964E3C57B4A4BE3CC9E /* Project object */ = {
			isa = PBXProject;
			attributes = {
				ORGANIZATIONNAME = "";
				TargetAttributes = {
					327696DE3A6139B4D33CA898 = {
						DevelopmentTeam = 65723695GD;
						ProvisioningStyle = Automatic;
					};
				};
			};
			buildConfigurationList = 327696958E0082B4F28106AE /* Build configuration list for PBXProject "CheetahDemo" */;
			compatibilityVersion = "Xcode 3.2";
			developmentRegion = English;
			hasScannedForEncodings = 0;
			knownRegions = (
				English,
				en,
			);
			mainGroup = 327692BCE8C735F3534C318E;
			packageReferences = (
				E1E0C8092CF12777001D6D84 /* XCRemoteSwiftPackageReference "ios-voice-processor" */,
				076CC4852E15FEAA004995F2 /* XCRemoteSwiftPackageReference "cheetah" */,
			);
			productRefGroup = 32769B87809678D96B1C6C55 /* Products */;
			projectDirPath = "";
			projectRoot = "";
			targets = (
				327696DE3A6139B4D33CA898 /* CheetahDemo */,
			);
		};
/* End PBXProject section */

/* Begin PBXResourcesBuildPhase section */
		327698D80053ADD919041906 /* Resources */ = {
			isa = PBXResourcesBuildPhase;
			buildActionMask = 2147483647;
			files = (
				3276967434C9CEBD0AF09237 /* Assets.xcassets in Resources */,
				32769C58D7E56BA187567FE6 /* cheetah_params.pv in Resources */,
			);
			runOnlyForDeploymentPostprocessing = 0;
		};
/* End PBXResourcesBuildPhase section */

/* Begin PBXSourcesBuildPhase section */
		32769E8C15D0D566DE02D742 /* Sources */ = {
			isa = PBXSourcesBuildPhase;
			buildActionMask = 2147483647;
			files = (
				327698EADFD16D8F70823520 /* CheetahDemoApp.swift in Sources */,
				32769B2E1B2C5A2A897FFB10 /* ContentView.swift in Sources */,
				32769079E5BC2BA141FA659F /* ViewModel.swift in Sources */,
			);
			runOnlyForDeploymentPostprocessing = 0;
		};
/* End PBXSourcesBuildPhase section */

/* Begin XCBuildConfiguration section */
		32769487371C1880F7B21CB3 /* Release */ = {
			isa = XCBuildConfiguration;
			buildSettings = {
				ALWAYS_SEARCH_USER_PATHS = NO;
				CLANG_ANALYZER_NONNULL = YES;
				CLANG_ANALYZER_NUMBER_OBJECT_CONVERSION = YES_AGGRESSIVE;
				CLANG_CXX_LANGUAGE_STANDARD = "gnu++14";
				CLANG_CXX_LIBRARY = "libc++";
				CLANG_ENABLE_MODULES = YES;
				CLANG_ENABLE_OBJC_ARC = YES;
				CLANG_ENABLE_OBJC_WEAK = NO;
				CLANG_WARN_BLOCK_CAPTURE_AUTORELEASING = YES;
				CLANG_WARN_BOOL_CONVERSION = YES;
				CLANG_WARN_COMMA = YES;
				CLANG_WARN_CONSTANT_CONVERSION = YES;
				CLANG_WARN_DEPRECATED_OBJC_IMPLEMENTATIONS = YES;
				CLANG_WARN_DIRECT_OBJC_ISA_USAGE = YES_ERROR;
				CLANG_WARN_DOCUMENTATION_COMMENTS = YES;
				CLANG_WARN_EMPTY_BODY = YES;
				CLANG_WARN_ENUM_CONVERSION = YES;
				CLANG_WARN_INFINITE_RECURSION = YES;
				CLANG_WARN_INT_CONVERSION = YES;
				CLANG_WARN_NON_LITERAL_NULL_CONVERSION = YES;
				CLANG_WARN_OBJC_IMPLICIT_RETAIN_SELF = YES;
				CLANG_WARN_OBJC_LITERAL_CONVERSION = YES;
				CLANG_WARN_OBJC_ROOT_CLASS = YES_ERROR;
				CLANG_WARN_QUOTED_INCLUDE_IN_FRAMEWORK_HEADER = YES;
				CLANG_WARN_RANGE_LOOP_ANALYSIS = YES;
				CLANG_WARN_STRICT_PROTOTYPES = YES;
				CLANG_WARN_SUSPICIOUS_MOVE = YES;
				CLANG_WARN_UNGUARDED_AVAILABILITY = YES_AGGRESSIVE;
				CLANG_WARN_UNREACHABLE_CODE = YES;
				CLANG_WARN__DUPLICATE_METHOD_MATCH = YES;
				CODE_SIGN_IDENTITY = "iPhone Developer";
				COPY_PHASE_STRIP = NO;
				DEBUG_INFORMATION_FORMAT = "dwarf-with-dsym";
				DEVELOPMENT_TEAM = "";
				ENABLE_NS_ASSERTIONS = NO;
				ENABLE_STRICT_OBJC_MSGSEND = YES;
				GCC_C_LANGUAGE_STANDARD = gnu11;
				GCC_NO_COMMON_BLOCKS = YES;
				GCC_WARN_64_TO_32_BIT_CONVERSION = YES;
				GCC_WARN_ABOUT_RETURN_TYPE = YES_ERROR;
				GCC_WARN_UNDECLARED_SELECTOR = YES;
				GCC_WARN_UNINITIALIZED_AUTOS = YES_AGGRESSIVE;
				GCC_WARN_UNUSED_FUNCTION = YES;
				GCC_WARN_UNUSED_VARIABLE = YES;
				IPHONEOS_DEPLOYMENT_TARGET = 14.0;
				MTL_ENABLE_DEBUG_INFO = NO;
				MTL_FAST_MATH = YES;
				SDKROOT = iphoneos;
				SWIFT_COMPILATION_MODE = wholemodule;
				SWIFT_INCLUDE_PATHS = "${SRCROOT}";
				SWIFT_OPTIMIZATION_LEVEL = "-O";
				VALIDATE_PRODUCT = YES;
			};
			name = Release;
		};
		3276957BE00965E54B1F13C1 /* Debug */ = {
			isa = XCBuildConfiguration;
			buildSettings = {
				ASSETCATALOG_COMPILER_APPICON_NAME = AppIcon;
				ASSETCATALOG_COMPILER_GLOBAL_ACCENT_COLOR_NAME = AccentColor;
				CODE_SIGN_STYLE = Automatic;
				CURRENT_PROJECT_VERSION = 1;
				DEVELOPMENT_TEAM = 65723695GD;
				ENABLE_PREVIEWS = NO;
				GENERATE_INFOPLIST_FILE = NO;
				INFOPLIST_FILE = "$(SRCROOT)/CheetahDemo/Info.plist";
				INFOPLIST_KEY_UIApplicationSceneManifest_Generation = YES;
				INFOPLIST_KEY_UIApplicationSupportsIndirectInputEvents = YES;
				INFOPLIST_KEY_UILaunchScreen_Generation = YES;
				INFOPLIST_KEY_UISupportedInterfaceOrientations_iPad = "UIInterfaceOrientationPortrait UIInterfaceOrientationPortraitUpsideDown UIInterfaceOrientationLandscapeLeft UIInterfaceOrientationLandscapeRight";
				INFOPLIST_KEY_UISupportedInterfaceOrientations_iPhone = "UIInterfaceOrientationPortrait UIInterfaceOrientationLandscapeLeft UIInterfaceOrientationLandscapeRight";
				IPHONEOS_DEPLOYMENT_TARGET = 14.0;
				LD_RUNPATH_SEARCH_PATHS = (
					"$(inherited)",
					"@executable_path/Frameworks",
				);
				MARKETING_VERSION = 1.0;
				PRODUCT_BUNDLE_IDENTIFIER = ai.picovoice.CheetahDemo;
				PRODUCT_NAME = "$(TARGET_NAME)";
				SWIFT_EMIT_LOC_STRINGS = YES;
				SWIFT_VERSION = 5.0;
				TARGETED_DEVICE_FAMILY = "1,2";
			};
			name = Debug;
		};
		327698DB666EFBD22F7AB2D5 /* Release */ = {
			isa = XCBuildConfiguration;
			buildSettings = {
				ASSETCATALOG_COMPILER_APPICON_NAME = AppIcon;
				ASSETCATALOG_COMPILER_GLOBAL_ACCENT_COLOR_NAME = AccentColor;
				CODE_SIGN_STYLE = Automatic;
				CURRENT_PROJECT_VERSION = 1;
				DEVELOPMENT_TEAM = 65723695GD;
				ENABLE_PREVIEWS = NO;
				GENERATE_INFOPLIST_FILE = NO;
				INFOPLIST_FILE = "$(SRCROOT)/CheetahDemo/Info.plist";
				INFOPLIST_KEY_UIApplicationSceneManifest_Generation = YES;
				INFOPLIST_KEY_UIApplicationSupportsIndirectInputEvents = YES;
				INFOPLIST_KEY_UILaunchScreen_Generation = YES;
				INFOPLIST_KEY_UISupportedInterfaceOrientations_iPad = "UIInterfaceOrientationPortrait UIInterfaceOrientationPortraitUpsideDown UIInterfaceOrientationLandscapeLeft UIInterfaceOrientationLandscapeRight";
				INFOPLIST_KEY_UISupportedInterfaceOrientations_iPhone = "UIInterfaceOrientationPortrait UIInterfaceOrientationLandscapeLeft UIInterfaceOrientationLandscapeRight";
				IPHONEOS_DEPLOYMENT_TARGET = 14.0;
				LD_RUNPATH_SEARCH_PATHS = (
					"$(inherited)",
					"@executable_path/Frameworks",
				);
				MARKETING_VERSION = 1.0;
				PRODUCT_BUNDLE_IDENTIFIER = ai.picovoice.CheetahDemo;
				PRODUCT_NAME = "$(TARGET_NAME)";
				SWIFT_EMIT_LOC_STRINGS = YES;
				SWIFT_VERSION = 5.0;
				TARGETED_DEVICE_FAMILY = "1,2";
			};
			name = Release;
		};
		32769C8460A4DF8298266514 /* Debug */ = {
			isa = XCBuildConfiguration;
			buildSettings = {
				ALWAYS_SEARCH_USER_PATHS = NO;
				CLANG_ANALYZER_NONNULL = YES;
				CLANG_ANALYZER_NUMBER_OBJECT_CONVERSION = YES_AGGRESSIVE;
				CLANG_CXX_LANGUAGE_STANDARD = "gnu++14";
				CLANG_CXX_LIBRARY = "libc++";
				CLANG_ENABLE_MODULES = YES;
				CLANG_ENABLE_OBJC_ARC = YES;
				CLANG_ENABLE_OBJC_WEAK = NO;
				CLANG_WARN_BLOCK_CAPTURE_AUTORELEASING = YES;
				CLANG_WARN_BOOL_CONVERSION = YES;
				CLANG_WARN_COMMA = YES;
				CLANG_WARN_CONSTANT_CONVERSION = YES;
				CLANG_WARN_DEPRECATED_OBJC_IMPLEMENTATIONS = YES;
				CLANG_WARN_DIRECT_OBJC_ISA_USAGE = YES_ERROR;
				CLANG_WARN_DOCUMENTATION_COMMENTS = YES;
				CLANG_WARN_EMPTY_BODY = YES;
				CLANG_WARN_ENUM_CONVERSION = YES;
				CLANG_WARN_INFINITE_RECURSION = YES;
				CLANG_WARN_INT_CONVERSION = YES;
				CLANG_WARN_NON_LITERAL_NULL_CONVERSION = YES;
				CLANG_WARN_OBJC_IMPLICIT_RETAIN_SELF = YES;
				CLANG_WARN_OBJC_LITERAL_CONVERSION = YES;
				CLANG_WARN_OBJC_ROOT_CLASS = YES_ERROR;
				CLANG_WARN_QUOTED_INCLUDE_IN_FRAMEWORK_HEADER = YES;
				CLANG_WARN_RANGE_LOOP_ANALYSIS = YES;
				CLANG_WARN_STRICT_PROTOTYPES = YES;
				CLANG_WARN_SUSPICIOUS_MOVE = YES;
				CLANG_WARN_UNGUARDED_AVAILABILITY = YES_AGGRESSIVE;
				CLANG_WARN_UNREACHABLE_CODE = YES;
				CLANG_WARN__DUPLICATE_METHOD_MATCH = YES;
				CODE_SIGN_IDENTITY = "iPhone Developer";
				COPY_PHASE_STRIP = NO;
				DEBUG_INFORMATION_FORMAT = dwarf;
				DEVELOPMENT_TEAM = "";
				ENABLE_STRICT_OBJC_MSGSEND = YES;
				ENABLE_TESTABILITY = YES;
				GCC_C_LANGUAGE_STANDARD = gnu11;
				GCC_DYNAMIC_NO_PIC = NO;
				GCC_NO_COMMON_BLOCKS = YES;
				GCC_OPTIMIZATION_LEVEL = 0;
				GCC_PREPROCESSOR_DEFINITIONS = (
					"DEBUG=1",
					"$(inherited)",
				);
				GCC_WARN_64_TO_32_BIT_CONVERSION = YES;
				GCC_WARN_ABOUT_RETURN_TYPE = YES_ERROR;
				GCC_WARN_UNDECLARED_SELECTOR = YES;
				GCC_WARN_UNINITIALIZED_AUTOS = YES_AGGRESSIVE;
				GCC_WARN_UNUSED_FUNCTION = YES;
				GCC_WARN_UNUSED_VARIABLE = YES;
				IPHONEOS_DEPLOYMENT_TARGET = 14.0;
				MTL_ENABLE_DEBUG_INFO = YES;
				MTL_FAST_MATH = YES;
				ONLY_ACTIVE_ARCH = YES;
				SDKROOT = iphoneos;
				SWIFT_ACTIVE_COMPILATION_CONDITIONS = DEBUG;
				SWIFT_INCLUDE_PATHS = "${SRCROOT}";
				SWIFT_OPTIMIZATION_LEVEL = "-Onone";
			};
			name = Debug;
		};
/* End XCBuildConfiguration section */

/* Begin XCConfigurationList section */
		32769440EBAF1B96C25C64E5 /* Build configuration list for PBXNativeTarget "CheetahDemo" */ = {
			isa = XCConfigurationList;
			buildConfigurations = (
				3276957BE00965E54B1F13C1 /* Debug */,
				327698DB666EFBD22F7AB2D5 /* Release */,
			);
			defaultConfigurationIsVisible = 0;
			defaultConfigurationName = Release;
		};
		327696958E0082B4F28106AE /* Build configuration list for PBXProject "CheetahDemo" */ = {
			isa = XCConfigurationList;
			buildConfigurations = (
				32769C8460A4DF8298266514 /* Debug */,
				32769487371C1880F7B21CB3 /* Release */,
			);
			defaultConfigurationIsVisible = 0;
			defaultConfigurationName = Release;
		};
/* End XCConfigurationList section */

/* Begin XCRemoteSwiftPackageReference section */
		076CC4852E15FEAA004995F2 /* XCRemoteSwiftPackageReference "cheetah" */ = {
			isa = XCRemoteSwiftPackageReference;
			repositoryURL = "https://github.com/Picovoice/cheetah";
			requirement = {
				kind = exactVersion;
				version = 2.2.0;
			};
		};
		E15A377D2CF7B8ED00A96F85 /* XCRemoteSwiftPackageReference "cheetah" */ = {
			isa = XCRemoteSwiftPackageReference;
			repositoryURL = "https://github.com/Picovoice/cheetah";
			requirement = {
				kind = exactVersion;
				version = 2.2.0;
			};
		};
		E1E0C8092CF12777001D6D84 /* XCRemoteSwiftPackageReference "ios-voice-processor" */ = {
			isa = XCRemoteSwiftPackageReference;
			repositoryURL = "https://github.com/Picovoice/ios-voice-processor";
			requirement = {
				kind = exactVersion;
				version = 1.2.0;
			};
		};
/* End XCRemoteSwiftPackageReference section */

/* Begin XCSwiftPackageProductDependency section */
		076CC4862E15FEAA004995F2 /* Cheetah */ = {
			isa = XCSwiftPackageProductDependency;
			package = 076CC4852E15FEAA004995F2 /* XCRemoteSwiftPackageReference "cheetah" */;
			productName = Cheetah;
		};
		E15A377E2CF7B8ED00A96F85 /* Cheetah */ = {
			isa = XCSwiftPackageProductDependency;
			package = E15A377D2CF7B8ED00A96F85 /* XCRemoteSwiftPackageReference "cheetah" */;
			productName = Cheetah;
		};
		E1E0C8072CF12744001D6D84 /* Cheetah */ = {
			isa = XCSwiftPackageProductDependency;
			productName = Cheetah;
		};
		E1E0C80A2CF12778001D6D84 /* ios_voice_processor */ = {
			isa = XCSwiftPackageProductDependency;
			package = E1E0C8092CF12777001D6D84 /* XCRemoteSwiftPackageReference "ios-voice-processor" */;
			productName = ios_voice_processor;
		};
/* End XCSwiftPackageProductDependency section */
	};
	rootObject = 32769964E3C57B4A4BE3CC9E /* Project object */;
}
